<Solution>
  <Folder Name="/src/">
    <Project Path="src/LoreFetch.App/LoreFetch.App.csproj" />
    <Project Path="src/LoreFetch.Capture/LoreFetch.Capture.csproj" />
    <Project Path="src/LoreFetch.Core/LoreFetch.Core.csproj" />
    <Project Path="src/LoreFetch.Lab/LoreFetch.Lab.csproj" />
  </Folder>
  <Folder Name="/Tests/" />
  <Folder Name="/Tests/Integration/">
    <Project Path="Tests/Integration/LoreFetch.Tests.Integration.csproj" />
  </Folder>
  <Folder Name="/Tests/StreamA/">
    <Project Path="Tests/StreamA/LoreFetch.Tests.StreamA.csproj" />
  </Folder>
  <Folder Name="/Tests/StreamB/">
    <Project Path="Tests/StreamB/LoreFetch.Tests.StreamB.csproj" />
  </Folder>
  <Folder Name="/Tests/StreamC/">
    <Project Path="Tests/StreamC/LoreFetch.Tests.StreamC.csproj" />
  </Folder>
  <Folder Name="/Tests/StreamD/">
    <Project Path="Tests/StreamD/LoreFetch.Tests.StreamD.csproj" />
  </Folder>
</Solution>
