<Solution>
  <Folder Name="/src/">
    <Project Path="src/LoreFetch.App/LoreFetch.App.csproj" />
    <Project Path="src/LoreFetch.Capture/LoreFetch.Capture.csproj" />
    <Project Path="src/LoreFetch.Core/LoreFetch.Core.csproj" />
    <Project Path="src/LoreFetch.Lab/LoreFetch.Lab.csproj" />
  </Folder>
  <Folder Name="/Tests/" />
  <Folder Name="/Tests/App/">
    <Project Path="Tests/App/LoreFetch.Tests.App.csproj" />
  </Folder>
  <Folder Name="/Tests/Architecture/">
    <Project Path="Tests/Architecture/LoreFetch.Tests.Architecture.csproj" />
  </Folder>
  <Folder Name="/Tests/Capture/">
    <Project Path="Tests/Capture/LoreFetch.Tests.Capture.csproj" />
  </Folder>
  <Folder Name="/Tests/Collection/">
    <Project Path="Tests/Collection/LoreFetch.Tests.Collection.csproj" />
  </Folder>
  <Folder Name="/Tests/Detection/">
    <Project Path="Tests/Detection/LoreFetch.Tests.Detection.csproj" />
  </Folder>
  <Folder Name="/Tests/Identification/">
    <Project Path="Tests/Identification/LoreFetch.Tests.Identification.csproj" />
  </Folder>
  <Folder Name="/Tests/Integration/">
    <Project Path="Tests/Integration/LoreFetch.Tests.Integration.csproj" />
  </Folder>
  <Folder Name="/Tests/Lab/">
    <Project Path="Tests/Lab/LoreFetch.Tests.Lab.csproj" />
  </Folder>
</Solution>
